Microsoft Visual Studio Solution File, Format Version 12.00
# Visual Studio 14
VisualStudioVersion = 14.0.25420.1
MinimumVisualStudioVersion = 10.0.40219.1
Project("{2150E333-8FDC-42A3-9474-1A3956D46DE8}") = "stuff", "stuff", "{1ABDD7C1-1F8D-402D-8692-3E4B66962DE0}"
	ProjectSection(SolutionItems) = preProject
		CHANGELOG.md = CHANGELOG.md
		CONTRIBUTING.md = CONTRIBUTING.md
		LICENSE.md = LICENSE.md
		README.md = README.md
	EndProjectSection
EndProject
Project("{FAE04EC0-301F-11D3-BF4B-00C04F79EFBC}") = "Rebus.TransactionScopes", "Rebus.TransactionScopes\Rebus.TransactionScopes.csproj", "{A750AD17-F3ED-4167-9664-667A44AA2B76}"
EndProject
Project("{FAE04EC0-301F-11D3-BF4B-00C04F79EFBC}") = "Rebus.TransactionScopes.Tests", "Rebus.TransactionScopes.Tests\Rebus.TransactionScopes.Tests.csproj", "{C92056C5-6A52-42A7-ACD5-0D06D0390F57}"
EndProject
Global
	GlobalSection(SolutionConfigurationPlatforms) = preSolution
		Debug|Any CPU = Debug|Any CPU
		Release|Any CPU = Release|Any CPU
	EndGlobalSection
	GlobalSection(ProjectConfigurationPlatforms) = postSolution
		{A750AD17-F3ED-4167-9664-667A44AA2B76}.Debug|Any CPU.ActiveCfg = Debug|Any CPU
		{A750AD17-F3ED-4167-9664-667A44AA2B76}.Debug|Any CPU.Build.0 = Debug|Any CPU
		{A750AD17-F3ED-4167-9664-667A44AA2B76}.Release|Any CPU.ActiveCfg = Release|Any CPU
		{A750AD17-F3ED-4167-9664-667A44AA2B76}.Release|Any CPU.Build.0 = Release|Any CPU
		{C92056C5-6A52-42A7-ACD5-0D06D0390F57}.Debug|Any CPU.ActiveCfg = Debug|Any CPU
		{C92056C5-6A52-42A7-ACD5-0D06D0390F57}.Debug|Any CPU.Build.0 = Debug|Any CPU
		{C92056C5-6A52-42A7-ACD5-0D06D0390F57}.Release|Any CPU.ActiveCfg = Release|Any CPU
		{C92056C5-6A52-42A7-ACD5-0D06D0390F57}.Release|Any CPU.Build.0 = Release|Any CPU
	EndGlobalSection
	GlobalSection(SolutionProperties) = preSolution
		HideSolutionNode = FALSE
	EndGlobalSection
EndGlobal
